
Microsoft Visual Studio Solution File, Format Version 12.00
# Visual Studio Version 17
VisualStudioVersion = 17.14.36705.20 d17.14
MinimumVisualStudioVersion = 10.0.40219.1
Project("{FAE04EC0-301F-11D3-BF4B-00C04F79EFBC}") = "ProxySharp", "ProxySharp\ProxySharp.csproj", "{B4926CB9-D216-43A5-B912-81656B557A4D}"
EndProject
Global
	GlobalSection(SolutionConfigurationPlatforms) = preSolution
		Debug|Any CPU = Debug|Any CPU
		Release|Any CPU = Release|Any CPU
	EndGlobalSection
	GlobalSection(ProjectConfigurationPlatforms) = postSolution
		{B4926CB9-D216-43A5-B912-81656B557A4D}.Debug|Any CPU.ActiveCfg = Debug|Any CPU
		{B4926CB9-D216-43A5-B912-81656B557A4D}.Debug|Any CPU.Build.0 = Debug|Any CPU
		{B4926CB9-D216-43A5-B912-81656B557A4D}.Release|Any CPU.ActiveCfg = Release|Any CPU
		{B4926CB9-D216-43A5-B912-81656B557A4D}.Release|Any CPU.Build.0 = Release|Any CPU
	EndGlobalSection
	GlobalSection(SolutionProperties) = preSolution
		HideSolutionNode = FALSE
	EndGlobalSection
	GlobalSection(ExtensibilityGlobals) = postSolution
		SolutionGuid = {6740C30F-0B47-4F35-82A4-20BDBC05397C}
	EndGlobalSection
EndGlobal
